// !$*UTF8*$!
{
	archiveVersion = 1;
	classes = {
	};
	objectVersion = 50;
	objects = {

/* Begin PBXBuildFile section */
		C67D23E0215A3B61008B6790 /* SlotModel.swift in Sources */ = {isa = PBXBuildFile; fileRef = C67D23DF215A3B61008B6790 /* SlotModel.swift */; };
		C67D23E2215A3D42008B6790 /* LogModel.swift in Sources */ = {isa = PBXBuildFile; fileRef = C67D23E1215A3D42008B6790 /* LogModel.swift */; };
		C67D23E4215AF84C008B6790 /* TableController.swift in Sources */ = {isa = PBXBuildFile; fileRef = C67D23E3215AF84C008B6790 /* TableController.swift */; };
		C67D23E9215AFFE5008B6790 /* CardController.swift in Sources */ = {isa = PBXBuildFile; fileRef = C67D23E8215AFFE5008B6790 /* CardController.swift */; };
		C67D23EC215B00D5008B6790 /* UITableRowView.swift in Sources */ = {isa = PBXBuildFile; fileRef = C67D23EB215B00D5008B6790 /* UITableRowView.swift */; };
		C67D23EF215B0132008B6790 /* UICardHeaderView.swift in Sources */ = {isa = PBXBuildFile; fileRef = C67D23EE215B0132008B6790 /* UICardHeaderView.swift */; };
		C67D23F1215B015B008B6790 /* UICardContentView.swift in Sources */ = {isa = PBXBuildFile; fileRef = C67D23F0215B015B008B6790 /* UICardContentView.swift */; };
		C67D23F3215B0174008B6790 /* UICardView.swift in Sources */ = {isa = PBXBuildFile; fileRef = C67D23F2215B0174008B6790 /* UICardView.swift */; };
		C67D23F5215B019E008B6790 /* UICardCellView.swift in Sources */ = {isa = PBXBuildFile; fileRef = C67D23F4215B019E008B6790 /* UICardCellView.swift */; };
		C67D23F7215B01E4008B6790 /* UIBaseLabel.swift in Sources */ = {isa = PBXBuildFile; fileRef = C67D23F6215B01E4008B6790 /* UIBaseLabel.swift */; };
		C67D23F9215B0374008B6790 /* UICardCellLabel.swift in Sources */ = {isa = PBXBuildFile; fileRef = C67D23F8215B0374008B6790 /* UICardCellLabel.swift */; };
		C67D23FD215B03ED008B6790 /* UIDateTimeLabel.swift in Sources */ = {isa = PBXBuildFile; fileRef = C67D23FC215B03ED008B6790 /* UIDateTimeLabel.swift */; };
		C67D23FF215B048E008B6790 /* System+Ext.swift in Sources */ = {isa = PBXBuildFile; fileRef = C67D23FE215B048E008B6790 /* System+Ext.swift */; };
		C67D2401215B0872008B6790 /* View+Ext.swift in Sources */ = {isa = PBXBuildFile; fileRef = C67D2400215B0872008B6790 /* View+Ext.swift */; };
		C67D2405215B1A15008B6790 /* UICardPrizesLabel.swift in Sources */ = {isa = PBXBuildFile; fileRef = C67D2404215B1A15008B6790 /* UICardPrizesLabel.swift */; };
		C67D2407215B2C05008B6790 /* UICardRowView.swift in Sources */ = {isa = PBXBuildFile; fileRef = C67D2406215B2C05008B6790 /* UICardRowView.swift */; };
		C692D62021591F7F00EEB23D /* Color+Ext.swift in Sources */ = {isa = PBXBuildFile; fileRef = C692D61F21591F7F00EEB23D /* Color+Ext.swift */; };
		C692D6242159227400EEB23D /* ViewController+Navigation+Ext.swift in Sources */ = {isa = PBXBuildFile; fileRef = C692D6232159227400EEB23D /* ViewController+Navigation+Ext.swift */; };
		C692D6262159239E00EEB23D /* ViewController+StatusBar+Ext.swift in Sources */ = {isa = PBXBuildFile; fileRef = C692D6252159239E00EEB23D /* ViewController+StatusBar+Ext.swift */; };
		C692D628215924E400EEB23D /* LogsController.swift in Sources */ = {isa = PBXBuildFile; fileRef = C692D627215924E400EEB23D /* LogsController.swift */; };
		C692D62B2159273F00EEB23D /* CardModel.swift in Sources */ = {isa = PBXBuildFile; fileRef = C692D62A2159273F00EEB23D /* CardModel.swift */; };
		C692D62D215930DC00EEB23D /* Store.swift in Sources */ = {isa = PBXBuildFile; fileRef = C692D62C215930DC00EEB23D /* Store.swift */; };
		C6F0E33821591C5100719738 /* AppDelegate.swift in Sources */ = {isa = PBXBuildFile; fileRef = C6F0E33721591C5100719738 /* AppDelegate.swift */; };
		C6F0E34221591C5200719738 /* Assets.xcassets in Resources */ = {isa = PBXBuildFile; fileRef = C6F0E34121591C5200719738 /* Assets.xcassets */; };
		C6F0E34521591C5200719738 /* LaunchScreen.storyboard in Resources */ = {isa = PBXBuildFile; fileRef = C6F0E34321591C5200719738 /* LaunchScreen.storyboard */; };
		C6F0E34E21591CF600719738 /* MainController.swift in Sources */ = {isa = PBXBuildFile; fileRef = C6F0E34D21591CF600719738 /* MainController.swift */; };
		C6F0E35021591D2E00719738 /* BaseController.swift in Sources */ = {isa = PBXBuildFile; fileRef = C6F0E34F21591D2E00719738 /* BaseController.swift */; };
/* End PBXBuildFile section */

/* Begin PBXFileReference section */
		C67D23DF215A3B61008B6790 /* SlotModel.swift */ = {isa = PBXFileReference; lastKnownFileType = sourcecode.swift; path = SlotModel.swift; sourceTree = "<group>"; };
		C67D23E1215A3D42008B6790 /* LogModel.swift */ = {isa = PBXFileReference; lastKnownFileType = sourcecode.swift; path = LogModel.swift; sourceTree = "<group>"; };
		C67D23E3215AF84C008B6790 /* TableController.swift */ = {isa = PBXFileReference; lastKnownFileType = sourcecode.swift; path = TableController.swift; sourceTree = "<group>"; };
		C67D23E8215AFFE5008B6790 /* CardController.swift */ = {isa = PBXFileReference; lastKnownFileType = sourcecode.swift; path = CardController.swift; sourceTree = "<group>"; };
		C67D23EB215B00D5008B6790 /* UITableRowView.swift */ = {isa = PBXFileReference; lastKnownFileType = sourcecode.swift; path = UITableRowView.swift; sourceTree = "<group>"; };
		C67D23EE215B0132008B6790 /* UICardHeaderView.swift */ = {isa = PBXFileReference; lastKnownFileType = sourcecode.swift; path = UICardHeaderView.swift; sourceTree = "<group>"; };
		C67D23F0215B015B008B6790 /* UICardContentView.swift */ = {isa = PBXFileReference; lastKnownFileType = sourcecode.swift; path = UICardContentView.swift; sourceTree = "<group>"; };
		C67D23F2215B0174008B6790 /* UICardView.swift */ = {isa = PBXFileReference; lastKnownFileType = sourcecode.swift; path = UICardView.swift; sourceTree = "<group>"; };
		C67D23F4215B019E008B6790 /* UICardCellView.swift */ = {isa = PBXFileReference; lastKnownFileType = sourcecode.swift; path = UICardCellView.swift; sourceTree = "<group>"; };
		C67D23F6215B01E4008B6790 /* UIBaseLabel.swift */ = {isa = PBXFileReference; lastKnownFileType = sourcecode.swift; path = UIBaseLabel.swift; sourceTree = "<group>"; };
		C67D23F8215B0374008B6790 /* UICardCellLabel.swift */ = {isa = PBXFileReference; lastKnownFileType = sourcecode.swift; path = UICardCellLabel.swift; sourceTree = "<group>"; };
		C67D23FC215B03ED008B6790 /* UIDateTimeLabel.swift */ = {isa = PBXFileReference; lastKnownFileType = sourcecode.swift; path = UIDateTimeLabel.swift; sourceTree = "<group>"; };
		C67D23FE215B048E008B6790 /* System+Ext.swift */ = {isa = PBXFileReference; lastKnownFileType = sourcecode.swift; path = "System+Ext.swift"; sourceTree = "<group>"; };
		C67D2400215B0872008B6790 /* View+Ext.swift */ = {isa = PBXFileReference; lastKnownFileType = sourcecode.swift; path = "View+Ext.swift"; sourceTree = "<group>"; };
		C67D2404215B1A15008B6790 /* UICardPrizesLabel.swift */ = {isa = PBXFileReference; lastKnownFileType = sourcecode.swift; path = UICardPrizesLabel.swift; sourceTree = "<group>"; };
		C67D2406215B2C05008B6790 /* UICardRowView.swift */ = {isa = PBXFileReference; lastKnownFileType = sourcecode.swift; path = UICardRowView.swift; sourceTree = "<group>"; };
		C692D61F21591F7F00EEB23D /* Color+Ext.swift */ = {isa = PBXFileReference; lastKnownFileType = sourcecode.swift; path = "Color+Ext.swift"; sourceTree = "<group>"; };
		C692D6232159227400EEB23D /* ViewController+Navigation+Ext.swift */ = {isa = PBXFileReference; lastKnownFileType = sourcecode.swift; path = "ViewController+Navigation+Ext.swift"; sourceTree = "<group>"; };
		C692D6252159239E00EEB23D /* ViewController+StatusBar+Ext.swift */ = {isa = PBXFileReference; lastKnownFileType = sourcecode.swift; path = "ViewController+StatusBar+Ext.swift"; sourceTree = "<group>"; };
		C692D627215924E400EEB23D /* LogsController.swift */ = {isa = PBXFileReference; lastKnownFileType = sourcecode.swift; path = LogsController.swift; sourceTree = "<group>"; };
		C692D62A2159273F00EEB23D /* CardModel.swift */ = {isa = PBXFileReference; lastKnownFileType = sourcecode.swift; path = CardModel.swift; sourceTree = "<group>"; };
		C692D62C215930DC00EEB23D /* Store.swift */ = {isa = PBXFileReference; lastKnownFileType = sourcecode.swift; path = Store.swift; sourceTree = "<group>"; };
		C6F0E33421591C5100719738 /* basketball.app */ = {isa = PBXFileReference; explicitFileType = wrapper.application; includeInIndex = 0; path = basketball.app; sourceTree = BUILT_PRODUCTS_DIR; };
		C6F0E33721591C5100719738 /* AppDelegate.swift */ = {isa = PBXFileReference; lastKnownFileType = sourcecode.swift; path = AppDelegate.swift; sourceTree = "<group>"; };
		C6F0E34121591C5200719738 /* Assets.xcassets */ = {isa = PBXFileReference; lastKnownFileType = folder.assetcatalog; path = Assets.xcassets; sourceTree = "<group>"; };
		C6F0E34421591C5200719738 /* Base */ = {isa = PBXFileReference; lastKnownFileType = file.storyboard; name = Base; path = Base.lproj/LaunchScreen.storyboard; sourceTree = "<group>"; };
		C6F0E34621591C5200719738 /* Info.plist */ = {isa = PBXFileReference; lastKnownFileType = text.plist.xml; path = Info.plist; sourceTree = "<group>"; };
		C6F0E34D21591CF600719738 /* MainController.swift */ = {isa = PBXFileReference; lastKnownFileType = sourcecode.swift; path = MainController.swift; sourceTree = "<group>"; };
		C6F0E34F21591D2E00719738 /* BaseController.swift */ = {isa = PBXFileReference; lastKnownFileType = sourcecode.swift; path = BaseController.swift; sourceTree = "<group>"; };
/* End PBXFileReference section */

/* Begin PBXFrameworksBuildPhase section */
		C6F0E33121591C5000719738 /* Frameworks */ = {
			isa = PBXFrameworksBuildPhase;
			buildActionMask = 2147483647;
			files = (
			);
			runOnlyForDeploymentPostprocessing = 0;
		};
/* End PBXFrameworksBuildPhase section */

/* Begin PBXGroup section */
		C67D23E5215AFCAF008B6790 /* UI */ = {
			isa = PBXGroup;
			children = (
				C67D23ED215B00EC008B6790 /* Card */,
				C67D23EA215B0099008B6790 /* Table */,
				C67D23F6215B01E4008B6790 /* UIBaseLabel.swift */,
				C67D23FC215B03ED008B6790 /* UIDateTimeLabel.swift */,
			);
			path = UI;
			sourceTree = "<group>";
		};
		C67D23EA215B0099008B6790 /* Table */ = {
			isa = PBXGroup;
			children = (
				C67D23EB215B00D5008B6790 /* UITableRowView.swift */,
				C67D2406215B2C05008B6790 /* UICardRowView.swift */,
			);
			path = Table;
			sourceTree = "<group>";
		};
		C67D23ED215B00EC008B6790 /* Card */ = {
			isa = PBXGroup;
			children = (
				C67D23EE215B0132008B6790 /* UICardHeaderView.swift */,
				C67D23F0215B015B008B6790 /* UICardContentView.swift */,
				C67D23F2215B0174008B6790 /* UICardView.swift */,
				C67D23F4215B019E008B6790 /* UICardCellView.swift */,
				C67D23F8215B0374008B6790 /* UICardCellLabel.swift */,
				C67D2404215B1A15008B6790 /* UICardPrizesLabel.swift */,
			);
			path = Card;
			sourceTree = "<group>";
		};
		C692D61E21591F6100EEB23D /* Extensions */ = {
			isa = PBXGroup;
			children = (
				C692D61F21591F7F00EEB23D /* Color+Ext.swift */,
				C692D6232159227400EEB23D /* ViewController+Navigation+Ext.swift */,
				C692D6252159239E00EEB23D /* ViewController+StatusBar+Ext.swift */,
				C67D23FE215B048E008B6790 /* System+Ext.swift */,
				C67D2400215B0872008B6790 /* View+Ext.swift */,
			);
			path = Extensions;
			sourceTree = "<group>";
		};
		C692D6292159272200EEB23D /* Models */ = {
			isa = PBXGroup;
			children = (
				C692D62A2159273F00EEB23D /* CardModel.swift */,
				C67D23DF215A3B61008B6790 /* SlotModel.swift */,
				C67D23E1215A3D42008B6790 /* LogModel.swift */,
			);
			path = Models;
			sourceTree = "<group>";
		};
		C6F0E32B21591C5000719738 = {
			isa = PBXGroup;
			children = (
				C6F0E33621591C5100719738 /* basketball */,
				C6F0E33521591C5100719738 /* Products */,
			);
			sourceTree = "<group>";
		};
		C6F0E33521591C5100719738 /* Products */ = {
			isa = PBXGroup;
			children = (
				C6F0E33421591C5100719738 /* basketball.app */,
			);
			name = Products;
			sourceTree = "<group>";
		};
		C6F0E33621591C5100719738 /* basketball */ = {
			isa = PBXGroup;
			children = (
				C67D23E5215AFCAF008B6790 /* UI */,
				C692D6292159272200EEB23D /* Models */,
				C692D61E21591F6100EEB23D /* Extensions */,
				C6F0E34C21591CCA00719738 /* Controllers */,
				C6F0E33721591C5100719738 /* AppDelegate.swift */,
				C6F0E34121591C5200719738 /* Assets.xcassets */,
				C6F0E34321591C5200719738 /* LaunchScreen.storyboard */,
				C6F0E34621591C5200719738 /* Info.plist */,
				C692D62C215930DC00EEB23D /* Store.swift */,
			);
			path = basketball;
			sourceTree = "<group>";
		};
		C6F0E34C21591CCA00719738 /* Controllers */ = {
			isa = PBXGroup;
			children = (
				C6F0E34F21591D2E00719738 /* BaseController.swift */,
				C6F0E34D21591CF600719738 /* MainController.swift */,
				C692D627215924E400EEB23D /* LogsController.swift */,
				C67D23E3215AF84C008B6790 /* TableController.swift */,
				C67D23E8215AFFE5008B6790 /* CardController.swift */,
			);
			path = Controllers;
			sourceTree = "<group>";
		};
/* End PBXGroup section */

/* Begin PBXNativeTarget section */
		C6F0E33321591C5000719738 /* basketball */ = {
			isa = PBXNativeTarget;
			buildConfigurationList = C6F0E34921591C5200719738 /* Build configuration list for PBXNativeTarget "basketball" */;
			buildPhases = (
				C6F0E33021591C5000719738 /* Sources */,
				C6F0E33121591C5000719738 /* Frameworks */,
				C6F0E33221591C5000719738 /* Resources */,
			);
			buildRules = (
			);
			dependencies = (
			);
			name = basketball;
			productName = basketball;
			productReference = C6F0E33421591C5100719738 /* basketball.app */;
			productType = "com.apple.product-type.application";
		};
/* End PBXNativeTarget section */

/* Begin PBXProject section */
		C6F0E32C21591C5000719738 /* Project object */ = {
			isa = PBXProject;
			attributes = {
				LastSwiftUpdateCheck = 1000;
				LastUpgradeCheck = 1000;
				ORGANIZATIONNAME = "Michael Vivar";
				TargetAttributes = {
					C6F0E33321591C5000719738 = {
						CreatedOnToolsVersion = 10.0;
					};
				};
			};
			buildConfigurationList = C6F0E32F21591C5000719738 /* Build configuration list for PBXProject "basketball" */;
			compatibilityVersion = "Xcode 9.3";
			developmentRegion = en;
			hasScannedForEncodings = 0;
			knownRegions = (
				en,
				Base,
			);
			mainGroup = C6F0E32B21591C5000719738;
			productRefGroup = C6F0E33521591C5100719738 /* Products */;
			projectDirPath = "";
			projectRoot = "";
			targets = (
				C6F0E33321591C5000719738 /* basketball */,
			);
		};
/* End PBXProject section */

/* Begin PBXResourcesBuildPhase section */
		C6F0E33221591C5000719738 /* Resources */ = {
			isa = PBXResourcesBuildPhase;
			buildActionMask = 2147483647;
			files = (
				C6F0E34521591C5200719738 /* LaunchScreen.storyboard in Resources */,
				C6F0E34221591C5200719738 /* Assets.xcassets in Resources */,
			);
			runOnlyForDeploymentPostprocessing = 0;
		};
/* End PBXResourcesBuildPhase section */

/* Begin PBXSourcesBuildPhase section */
		C6F0E33021591C5000719738 /* Sources */ = {
			isa = PBXSourcesBuildPhase;
			buildActionMask = 2147483647;
			files = (
				C67D2407215B2C05008B6790 /* UICardRowView.swift in Sources */,
				C67D23F1215B015B008B6790 /* UICardContentView.swift in Sources */,
				C67D23FD215B03ED008B6790 /* UIDateTimeLabel.swift in Sources */,
				C67D23E4215AF84C008B6790 /* TableController.swift in Sources */,
				C67D23FF215B048E008B6790 /* System+Ext.swift in Sources */,
				C67D23F5215B019E008B6790 /* UICardCellView.swift in Sources */,
				C692D6262159239E00EEB23D /* ViewController+StatusBar+Ext.swift in Sources */,
				C67D23F9215B0374008B6790 /* UICardCellLabel.swift in Sources */,
				C6F0E34E21591CF600719738 /* MainController.swift in Sources */,
				C67D2401215B0872008B6790 /* View+Ext.swift in Sources */,
				C692D6242159227400EEB23D /* ViewController+Navigation+Ext.swift in Sources */,
				C67D2405215B1A15008B6790 /* UICardPrizesLabel.swift in Sources */,
				C692D62D215930DC00EEB23D /* Store.swift in Sources */,
				C67D23EF215B0132008B6790 /* UICardHeaderView.swift in Sources */,
				C67D23F3215B0174008B6790 /* UICardView.swift in Sources */,
				C6F0E35021591D2E00719738 /* BaseController.swift in Sources */,
				C6F0E33821591C5100719738 /* AppDelegate.swift in Sources */,
				C67D23E2215A3D42008B6790 /* LogModel.swift in Sources */,
				C692D62B2159273F00EEB23D /* CardModel.swift in Sources */,
				C67D23E0215A3B61008B6790 /* SlotModel.swift in Sources */,
				C67D23EC215B00D5008B6790 /* UITableRowView.swift in Sources */,
				C67D23E9215AFFE5008B6790 /* CardController.swift in Sources */,
				C692D628215924E400EEB23D /* LogsController.swift in Sources */,
				C67D23F7215B01E4008B6790 /* UIBaseLabel.swift in Sources */,
				C692D62021591F7F00EEB23D /* Color+Ext.swift in Sources */,
			);
			runOnlyForDeploymentPostprocessing = 0;
		};
/* End PBXSourcesBuildPhase section */

/* Begin PBXVariantGroup section */
		C6F0E34321591C5200719738 /* LaunchScreen.storyboard */ = {
			isa = PBXVariantGroup;
			children = (
				C6F0E34421591C5200719738 /* Base */,
			);
			name = LaunchScreen.storyboard;
			sourceTree = "<group>";
		};
/* End PBXVariantGroup section */

/* Begin XCBuildConfiguration section */
		C6F0E34721591C5200719738 /* Debug */ = {
			isa = XCBuildConfiguration;
			buildSettings = {
				ALWAYS_SEARCH_USER_PATHS = NO;
				CLANG_ANALYZER_NONNULL = YES;
				CLANG_ANALYZER_NUMBER_OBJECT_CONVERSION = YES_AGGRESSIVE;
				CLANG_CXX_LANGUAGE_STANDARD = "gnu++14";
				CLANG_CXX_LIBRARY = "libc++";
				CLANG_ENABLE_MODULES = YES;
				CLANG_ENABLE_OBJC_ARC = YES;
				CLANG_ENABLE_OBJC_WEAK = YES;
				CLANG_WARN_BLOCK_CAPTURE_AUTORELEASING = YES;
				CLANG_WARN_BOOL_CONVERSION = YES;
				CLANG_WARN_COMMA = YES;
				CLANG_WARN_CONSTANT_CONVERSION = YES;
				CLANG_WARN_DEPRECATED_OBJC_IMPLEMENTATIONS = YES;
				CLANG_WARN_DIRECT_OBJC_ISA_USAGE = YES_ERROR;
				CLANG_WARN_DOCUMENTATION_COMMENTS = YES;
				CLANG_WARN_EMPTY_BODY = YES;
				CLANG_WARN_ENUM_CONVERSION = YES;
				CLANG_WARN_INFINITE_RECURSION = YES;
				CLANG_WARN_INT_CONVERSION = YES;
				CLANG_WARN_NON_LITERAL_NULL_CONVERSION = YES;
				CLANG_WARN_OBJC_IMPLICIT_RETAIN_SELF = YES;
				CLANG_WARN_OBJC_LITERAL_CONVERSION = YES;
				CLANG_WARN_OBJC_ROOT_CLASS = YES_ERROR;
				CLANG_WARN_RANGE_LOOP_ANALYSIS = YES;
				CLANG_WARN_STRICT_PROTOTYPES = YES;
				CLANG_WARN_SUSPICIOUS_MOVE = YES;
				CLANG_WARN_UNGUARDED_AVAILABILITY = YES_AGGRESSIVE;
				CLANG_WARN_UNREACHABLE_CODE = YES;
				CLANG_WARN__DUPLICATE_METHOD_MATCH = YES;
				CODE_SIGN_IDENTITY = "iPhone Developer";
				COPY_PHASE_STRIP = NO;
				DEBUG_INFORMATION_FORMAT = dwarf;
				ENABLE_STRICT_OBJC_MSGSEND = YES;
				ENABLE_TESTABILITY = YES;
				GCC_C_LANGUAGE_STANDARD = gnu11;
				GCC_DYNAMIC_NO_PIC = NO;
				GCC_NO_COMMON_BLOCKS = YES;
				GCC_OPTIMIZATION_LEVEL = 0;
				GCC_PREPROCESSOR_DEFINITIONS = (
					"DEBUG=1",
					"$(inherited)",
				);
				GCC_WARN_64_TO_32_BIT_CONVERSION = YES;
				GCC_WARN_ABOUT_RETURN_TYPE = YES_ERROR;
				GCC_WARN_UNDECLARED_SELECTOR = YES;
				GCC_WARN_UNINITIALIZED_AUTOS = YES_AGGRESSIVE;
				GCC_WARN_UNUSED_FUNCTION = YES;
				GCC_WARN_UNUSED_VARIABLE = YES;
				IPHONEOS_DEPLOYMENT_TARGET = 12.0;
				MTL_ENABLE_DEBUG_INFO = INCLUDE_SOURCE;
				MTL_FAST_MATH = YES;
				ONLY_ACTIVE_ARCH = YES;
				SDKROOT = iphoneos;
				SWIFT_ACTIVE_COMPILATION_CONDITIONS = DEBUG;
				SWIFT_OPTIMIZATION_LEVEL = "-Onone";
			};
			name = Debug;
		};
		C6F0E34821591C5200719738 /* Release */ = {
			isa = XCBuildConfiguration;
			buildSettings = {
				ALWAYS_SEARCH_USER_PATHS = NO;
				CLANG_ANALYZER_NONNULL = YES;
				CLANG_ANALYZER_NUMBER_OBJECT_CONVERSION = YES_AGGRESSIVE;
				CLANG_CXX_LANGUAGE_STANDARD = "gnu++14";
				CLANG_CXX_LIBRARY = "libc++";
				CLANG_ENABLE_MODULES = YES;
				CLANG_ENABLE_OBJC_ARC = YES;
				CLANG_ENABLE_OBJC_WEAK = YES;
				CLANG_WARN_BLOCK_CAPTURE_AUTORELEASING = YES;
				CLANG_WARN_BOOL_CONVERSION = YES;
				CLANG_WARN_COMMA = YES;
				CLANG_WARN_CONSTANT_CONVERSION = YES;
				CLANG_WARN_DEPRECATED_OBJC_IMPLEMENTATIONS = YES;
				CLANG_WARN_DIRECT_OBJC_ISA_USAGE = YES_ERROR;
				CLANG_WARN_DOCUMENTATION_COMMENTS = YES;
				CLANG_WARN_EMPTY_BODY = YES;
				CLANG_WARN_ENUM_CONVERSION = YES;
				CLANG_WARN_INFINITE_RECURSION = YES;
				CLANG_WARN_INT_CONVERSION = YES;
				CLANG_WARN_NON_LITERAL_NULL_CONVERSION = YES;
				CLANG_WARN_OBJC_IMPLICIT_RETAIN_SELF = YES;
				CLANG_WARN_OBJC_LITERAL_CONVERSION = YES;
				CLANG_WARN_OBJC_ROOT_CLASS = YES_ERROR;
				CLANG_WARN_RANGE_LOOP_ANALYSIS = YES;
				CLANG_WARN_STRICT_PROTOTYPES = YES;
				CLANG_WARN_SUSPICIOUS_MOVE = YES;
				CLANG_WARN_UNGUARDED_AVAILABILITY = YES_AGGRESSIVE;
				CLANG_WARN_UNREACHABLE_CODE = YES;
				CLANG_WARN__DUPLICATE_METHOD_MATCH = YES;
				CODE_SIGN_IDENTITY = "iPhone Developer";
				COPY_PHASE_STRIP = NO;
				DEBUG_INFORMATION_FORMAT = "dwarf-with-dsym";
				ENABLE_NS_ASSERTIONS = NO;
				ENABLE_STRICT_OBJC_MSGSEND = YES;
				GCC_C_LANGUAGE_STANDARD = gnu11;
				GCC_NO_COMMON_BLOCKS = YES;
				GCC_WARN_64_TO_32_BIT_CONVERSION = YES;
				GCC_WARN_ABOUT_RETURN_TYPE = YES_ERROR;
				GCC_WARN_UNDECLARED_SELECTOR = YES;
				GCC_WARN_UNINITIALIZED_AUTOS = YES_AGGRESSIVE;
				GCC_WARN_UNUSED_FUNCTION = YES;
				GCC_WARN_UNUSED_VARIABLE = YES;
				IPHONEOS_DEPLOYMENT_TARGET = 12.0;
				MTL_ENABLE_DEBUG_INFO = NO;
				MTL_FAST_MATH = YES;
				SDKROOT = iphoneos;
				SWIFT_COMPILATION_MODE = wholemodule;
				SWIFT_OPTIMIZATION_LEVEL = "-O";
				VALIDATE_PRODUCT = YES;
			};
			name = Release;
		};
		C6F0E34A21591C5200719738 /* Debug */ = {
			isa = XCBuildConfiguration;
			buildSettings = {
				ASSETCATALOG_COMPILER_APPICON_NAME = AppIcon;
				CODE_SIGN_STYLE = Automatic;
				DEVELOPMENT_TEAM = 6996BU8R7S;
				INFOPLIST_FILE = basketball/Info.plist;
				LD_RUNPATH_SEARCH_PATHS = (
					"$(inherited)",
					"@executable_path/Frameworks",
				);
				PRODUCT_BUNDLE_IDENTIFIER = com.michaelvivar.basketball;
				PRODUCT_NAME = "$(TARGET_NAME)";
				SWIFT_VERSION = 4.2;
				TARGETED_DEVICE_FAMILY = "1,2";
			};
			name = Debug;
		};
		C6F0E34B21591C5200719738 /* Release */ = {
			isa = XCBuildConfiguration;
			buildSettings = {
				ASSETCATALOG_COMPILER_APPICON_NAME = AppIcon;
				CODE_SIGN_STYLE = Automatic;
				DEVELOPMENT_TEAM = 6996BU8R7S;
				INFOPLIST_FILE = basketball/Info.plist;
				LD_RUNPATH_SEARCH_PATHS = (
					"$(inherited)",
					"@executable_path/Frameworks",
				);
				PRODUCT_BUNDLE_IDENTIFIER = com.michaelvivar.basketball;
				PRODUCT_NAME = "$(TARGET_NAME)";
				SWIFT_VERSION = 4.2;
				TARGETED_DEVICE_FAMILY = "1,2";
			};
			name = Release;
		};
/* End XCBuildConfiguration section */

/* Begin XCConfigurationList section */
		C6F0E32F21591C5000719738 /* Build configuration list for PBXProject "basketball" */ = {
			isa = XCConfigurationList;
			buildConfigurations = (
				C6F0E34721591C5200719738 /* Debug */,
				C6F0E34821591C5200719738 /* Release */,
			);
			defaultConfigurationIsVisible = 0;
			defaultConfigurationName = Release;
		};
		C6F0E34921591C5200719738 /* Build configuration list for PBXNativeTarget "basketball" */ = {
			isa = XCConfigurationList;
			buildConfigurations = (
				C6F0E34A21591C5200719738 /* Debug */,
				C6F0E34B21591C5200719738 /* Release */,
			);
			defaultConfigurationIsVisible = 0;
			defaultConfigurationName = Release;
		};
/* End XCConfigurationList section */
	};
	rootObject = C6F0E32C21591C5000719738 /* Project object */;
}
